# This file was autogenerated by uv via the following command:
#    uv export --color never --extra shell --extra voice --no-hashes
-e .
annotated-doc==0.0.5
    # via typer
annotated-types==0.8.0
    # via pydantic
anyio==4.15.1
    # via
    #   httpx
    #   starlette
    #   watchfiles
av==18.1.0
    # via faster-whisper
certifi==2026.7.22
    # via
    #   httpcore
    #   httpx
cffi==2.1.1
    # via
    #   cryptography
    #   sounddevice
click==8.5.0
    # via
    #   huggingface-hub
    #   uvicorn
colorama==0.4.6 ; sys_platform == 'win32'
    # via
    #   tqdm
    #   typer
cryptography==50.0.1 ; sys_platform == 'linux'
    # via secretstorage
ctranslate2==4.8.2
    # via faster-whisper
evdev==2.0.0 ; 'linux' in sys_platform
    # via pynput
faster-whisper==1.2.1
    # via nox
filelock==3.32.6
    # via huggingface-hub
flatbuffers==25.12.19
    # via onnxruntime
fsspec==2026.7.0
    # via huggingface-hub
h11==0.16.0
    # via
    #   httpcore
    #   uvicorn
hf-xet==1.6.0 ; platform_machine == 'AMD64' or platform_machine == 'aarch64' or platform_machine == 'amd64' or platform_machine == 'arm64' or platform_machine == 'x86_64'
    # via huggingface-hub
httpcore==1.0.9
    # via httpx
httptools==0.8.0
    # via uvicorn
httpx==0.28.1
    # via
    #   huggingface-hub
    #   nox
huggingface-hub==1.30.0
    # via
    #   faster-whisper
    #   tokenizers
idna==3.19
    # via
    #   anyio
    #   httpx
jaraco-classes==3.4.0
    # via keyring
jaraco-context==6.1.2
    # via keyring
jaraco-functools==4.6.0
    # via keyring
jeepney==0.9.0 ; sys_platform == 'linux'
    # via
    #   keyring
    #   secretstorage
keyring==25.7.0
    # via nox
markdown-it-py==4.2.0
    # via rich
mdurl==0.1.2
    # via markdown-it-py
more-itertools==11.1.0
    # via
    #   jaraco-classes
    #   jaraco-functools
numpy==2.5.3
    # via
    #   ctranslate2
    #   nox
    #   onnxruntime
onnxruntime==1.29.0
    # via
    #   faster-whisper
    #   piper-tts
packaging==26.3
    # via
    #   huggingface-hub
    #   onnxruntime
pathvalidate==3.3.1
    # via piper-tts
piper-tts==1.8.0
    # via nox
protobuf==7.36.1
    # via onnxruntime
psutil==7.2.2
    # via nox
pycparser==3.0 ; implementation_name != 'PyPy'
    # via cffi
pydantic==2.13.5
    # via nox
pydantic-core==2.46.5
    # via pydantic
pygments==2.21.0
    # via rich
pynput==1.8.2
    # via nox
pyobjc-core==12.2.2 ; sys_platform == 'darwin'
    # via
    #   pyobjc-framework-applicationservices
    #   pyobjc-framework-cocoa
    #   pyobjc-framework-coretext
    #   pyobjc-framework-quartz
pyobjc-framework-applicationservices==12.2.2 ; sys_platform == 'darwin'
    # via pynput
pyobjc-framework-cocoa==12.2.2 ; sys_platform == 'darwin'
    # via
    #   pyobjc-framework-applicationservices
    #   pyobjc-framework-coretext
    #   pyobjc-framework-quartz
pyobjc-framework-coretext==12.2.2 ; sys_platform == 'darwin'
    # via pyobjc-framework-applicationservices
pyobjc-framework-quartz==12.2.2 ; sys_platform == 'darwin'
    # via
    #   pynput
    #   pyobjc-framework-applicationservices
    #   pyobjc-framework-coretext
pyside6==6.11.2
    # via nox
pyside6-addons==6.11.2
    # via pyside6
pyside6-essentials==6.11.2
    # via
    #   pyside6
    #   pyside6-addons
python-dotenv==1.2.3
    # via uvicorn
python-xlib==0.33 ; 'linux' in sys_platform
    # via pynput
pywin32-ctypes==0.2.3 ; sys_platform == 'win32'
    # via keyring
pyyaml==6.0.3
    # via
    #   ctranslate2
    #   huggingface-hub
    #   nox
    #   uvicorn
rich==15.0.0
    # via typer
secretstorage==3.5.0 ; sys_platform == 'linux'
    # via keyring
shellingham==1.5.4
    # via typer
shiboken6==6.11.2
    # via
    #   pyside6
    #   pyside6-addons
    #   pyside6-essentials
six==1.17.0
    # via
    #   pynput
    #   python-xlib
sounddevice==0.5.6
    # via nox
sqlite-vec==0.1.9
    # via nox
starlette==1.6.0
    # via nox
structlog==26.1.0
    # via nox
tokenizers==0.23.2
    # via faster-whisper
tqdm==4.70.0
    # via
    #   faster-whisper
    #   huggingface-hub
typer==0.27.2
    # via nox
typing-extensions==4.16.0
    # via
    #   anyio
    #   huggingface-hub
    #   pydantic
    #   pydantic-core
    #   typing-inspection
typing-inspection==0.4.4
    # via pydantic
uvicorn==0.52.4
    # via nox
uvloop==0.22.1 ; platform_python_implementation != 'PyPy' and sys_platform != 'cygwin' and sys_platform != 'win32'
    # via uvicorn
watchdog==6.0.0
    # via nox
watchfiles==1.2.0
    # via uvicorn
websockets==17.1
    # via
    #   nox
    #   uvicorn
